# This file was autogenerated by Stack.
# You should not edit this file by hand.
# For more information, please see the documentation at:
#   https://docs.haskellstack.org/en/stable/lock_files

packages:
- completed:
    commit: ef1807e08299150e4b42dfb33e87e2982be8d49c
    git: https://github.com/phadej/spdx
    name: spdx
    pantry-tree:
      sha256: 00df55038fd4b10d8a86e3edd4c9cc4f9eb9622136db8cc9252b480a220d5fe1
      size: 1462
    version: 1.0.0.3
  original:
    commit: ef1807e08299150e4b42dfb33e87e2982be8d49c
    git: https://github.com/phadej/spdx
snapshots:
- completed:
    sha256: 9a74d76d250a455d9cd11e74f157e087787fa9aa3c4264e69c94703d1e71aede
    size: 619200
    url: https://raw.githubusercontent.com/commercialhaskell/stackage-snapshots/master/lts/19/30.yaml
  original:
    url: https://raw.githubusercontent.com/commercialhaskell/stackage-snapshots/master/lts/19/30.yaml
